
Microsoft Visual Studio Solution File, Format Version 12.00
# Visual Studio Version 16
VisualStudioVersion = 16.0.31205.134
MinimumVisualStudioVersion = 10.0.40219.1
Project("{FAE04EC0-301F-11D3-BF4B-00C04F79EFBC}") = "Mousetracker", "Mousetracker\Mousetracker.csproj", "{61698EA0-E31C-48E2-A883-71B0F490E1E4}"
EndProject
Global
	GlobalSection(SolutionConfigurationPlatforms) = preSolution
		Debug|Any CPU = Debug|Any CPU
		Release|Any CPU = Release|Any CPU
	EndGlobalSection
	GlobalSection(ProjectConfigurationPlatforms) = postSolution
		{61698EA0-E31C-48E2-A883-71B0F490E1E4}.Debug|Any CPU.ActiveCfg = Debug|Any CPU
		{61698EA0-E31C-48E2-A883-71B0F490E1E4}.Debug|Any CPU.Build.0 = Debug|Any CPU
		{61698EA0-E31C-48E2-A883-71B0F490E1E4}.Release|Any CPU.ActiveCfg = Release|Any CPU
		{61698EA0-E31C-48E2-A883-71B0F490E1E4}.Release|Any CPU.Build.0 = Release|Any CPU
	EndGlobalSection
	GlobalSection(SolutionProperties) = preSolution
		HideSolutionNode = FALSE
	EndGlobalSection
	GlobalSection(ExtensibilityGlobals) = postSolution
		SolutionGuid = {26F49BB0-6CA0-4F85-8075-96B3B7AB0145}
	EndGlobalSection
EndGlobal
